
Microsoft Visual Studio Solution File, Format Version 12.00
# Visual Studio Version 17
VisualStudioVersion = 17.0.31903.59
MinimumVisualStudioVersion = 10.0.40219.1
Project("{9A19103F-16F7-4668-BE54-9A1E7A4F7556}") = "ClientUI", "ClientUI\ClientUI.csproj", "{F34F1446-329A-4A8F-8187-4A28ACB0E926}"
EndProject
Project("{9A19103F-16F7-4668-BE54-9A1E7A4F7556}") = "Sales", "Sales\Sales.csproj", "{66D1E59B-8284-4CE2-B031-8C973CB92ECC}"
EndProject
Project("{9A19103F-16F7-4668-BE54-9A1E7A4F7556}") = "Sales.Messages", "Sales.Messages\Sales.Messages.csproj", "{298067D3-9218-408C-A947-0123939D86DA}"
EndProject
Project("{9A19103F-16F7-4668-BE54-9A1E7A4F7556}") = "NServiceBusMessaging", "NServiceBusMessaging\NServiceBusMessaging.csproj", "{368F838A-C3D4-4A0B-9952-CD521BC81953}"
EndProject
Project("{FAE04EC0-301F-11D3-BF4B-00C04F79EFBC}") = "Billing", "Billing\Billing.csproj", "{4D91DB5F-21D7-4A13-8235-EF894F6520F4}"
EndProject
Project("{FAE04EC0-301F-11D3-BF4B-00C04F79EFBC}") = "Billing.Messages", "Billing.Messages\Billing.Messages.csproj", "{F0828B8D-6E55-4A52-9DAE-703B06A9A52B}"
EndProject
Project("{FAE04EC0-301F-11D3-BF4B-00C04F79EFBC}") = "Shipping", "Shipping\Shipping.csproj", "{8C1D37C8-2D64-4FF0-9A68-EAD5A90A17FC}"
EndProject
Project("{2150E333-8FDC-42A3-9474-1A3956D46DE8}") = "BillingService", "BillingService", "{ED18F087-EC1D-418F-8FAA-BFE11DF73AB1}"
EndProject
Project("{2150E333-8FDC-42A3-9474-1A3956D46DE8}") = "SalesService", "SalesService", "{C576F1C4-8B68-45F2-B082-3D8E7BA0AFF5}"
EndProject
Project("{2150E333-8FDC-42A3-9474-1A3956D46DE8}") = "ShippingService", "ShippingService", "{B68D3176-BE8A-448D-BA4C-74D8291704A5}"
EndProject
Project("{2150E333-8FDC-42A3-9474-1A3956D46DE8}") = "Infrastructure", "Infrastructure", "{5D9669E6-C3B1-454A-AF47-03EB096CB9AF}"
EndProject
Project("{2150E333-8FDC-42A3-9474-1A3956D46DE8}") = "StockService", "StockService", "{F63042B0-B86E-4B65-83D9-4D0036DDE5F1}"
EndProject
Global
	GlobalSection(SolutionConfigurationPlatforms) = preSolution
		Debug|Any CPU = Debug|Any CPU
		Release|Any CPU = Release|Any CPU
	EndGlobalSection
	GlobalSection(ProjectConfigurationPlatforms) = postSolution
		{F34F1446-329A-4A8F-8187-4A28ACB0E926}.Debug|Any CPU.ActiveCfg = Debug|Any CPU
		{F34F1446-329A-4A8F-8187-4A28ACB0E926}.Debug|Any CPU.Build.0 = Debug|Any CPU
		{F34F1446-329A-4A8F-8187-4A28ACB0E926}.Release|Any CPU.ActiveCfg = Release|Any CPU
		{F34F1446-329A-4A8F-8187-4A28ACB0E926}.Release|Any CPU.Build.0 = Release|Any CPU
		{66D1E59B-8284-4CE2-B031-8C973CB92ECC}.Debug|Any CPU.ActiveCfg = Debug|Any CPU
		{66D1E59B-8284-4CE2-B031-8C973CB92ECC}.Debug|Any CPU.Build.0 = Debug|Any CPU
		{66D1E59B-8284-4CE2-B031-8C973CB92ECC}.Release|Any CPU.ActiveCfg = Release|Any CPU
		{66D1E59B-8284-4CE2-B031-8C973CB92ECC}.Release|Any CPU.Build.0 = Release|Any CPU
		{298067D3-9218-408C-A947-0123939D86DA}.Debug|Any CPU.ActiveCfg = Debug|Any CPU
		{298067D3-9218-408C-A947-0123939D86DA}.Debug|Any CPU.Build.0 = Debug|Any CPU
		{298067D3-9218-408C-A947-0123939D86DA}.Release|Any CPU.ActiveCfg = Release|Any CPU
		{298067D3-9218-408C-A947-0123939D86DA}.Release|Any CPU.Build.0 = Release|Any CPU
		{368F838A-C3D4-4A0B-9952-CD521BC81953}.Debug|Any CPU.ActiveCfg = Debug|Any CPU
		{368F838A-C3D4-4A0B-9952-CD521BC81953}.Debug|Any CPU.Build.0 = Debug|Any CPU
		{368F838A-C3D4-4A0B-9952-CD521BC81953}.Release|Any CPU.ActiveCfg = Release|Any CPU
		{368F838A-C3D4-4A0B-9952-CD521BC81953}.Release|Any CPU.Build.0 = Release|Any CPU
		{4D91DB5F-21D7-4A13-8235-EF894F6520F4}.Debug|Any CPU.ActiveCfg = Debug|Any CPU
		{4D91DB5F-21D7-4A13-8235-EF894F6520F4}.Debug|Any CPU.Build.0 = Debug|Any CPU
		{4D91DB5F-21D7-4A13-8235-EF894F6520F4}.Release|Any CPU.ActiveCfg = Release|Any CPU
		{4D91DB5F-21D7-4A13-8235-EF894F6520F4}.Release|Any CPU.Build.0 = Release|Any CPU
		{F0828B8D-6E55-4A52-9DAE-703B06A9A52B}.Debug|Any CPU.ActiveCfg = Debug|Any CPU
		{F0828B8D-6E55-4A52-9DAE-703B06A9A52B}.Debug|Any CPU.Build.0 = Debug|Any CPU
		{F0828B8D-6E55-4A52-9DAE-703B06A9A52B}.Release|Any CPU.ActiveCfg = Release|Any CPU
		{F0828B8D-6E55-4A52-9DAE-703B06A9A52B}.Release|Any CPU.Build.0 = Release|Any CPU
		{8C1D37C8-2D64-4FF0-9A68-EAD5A90A17FC}.Debug|Any CPU.ActiveCfg = Debug|Any CPU
		{8C1D37C8-2D64-4FF0-9A68-EAD5A90A17FC}.Debug|Any CPU.Build.0 = Debug|Any CPU
		{8C1D37C8-2D64-4FF0-9A68-EAD5A90A17FC}.Release|Any CPU.ActiveCfg = Release|Any CPU
		{8C1D37C8-2D64-4FF0-9A68-EAD5A90A17FC}.Release|Any CPU.Build.0 = Release|Any CPU
	EndGlobalSection
	GlobalSection(SolutionProperties) = preSolution
		HideSolutionNode = FALSE
	EndGlobalSection
	GlobalSection(NestedProjects) = preSolution
		{66D1E59B-8284-4CE2-B031-8C973CB92ECC} = {C576F1C4-8B68-45F2-B082-3D8E7BA0AFF5}
		{298067D3-9218-408C-A947-0123939D86DA} = {C576F1C4-8B68-45F2-B082-3D8E7BA0AFF5}
		{368F838A-C3D4-4A0B-9952-CD521BC81953} = {5D9669E6-C3B1-454A-AF47-03EB096CB9AF}
		{4D91DB5F-21D7-4A13-8235-EF894F6520F4} = {ED18F087-EC1D-418F-8FAA-BFE11DF73AB1}
		{F0828B8D-6E55-4A52-9DAE-703B06A9A52B} = {ED18F087-EC1D-418F-8FAA-BFE11DF73AB1}
		{8C1D37C8-2D64-4FF0-9A68-EAD5A90A17FC} = {B68D3176-BE8A-448D-BA4C-74D8291704A5}
	EndGlobalSection
	GlobalSection(ExtensibilityGlobals) = postSolution
		SolutionGuid = {F0FAE94F-846D-49AF-8B93-47F73CD1AC48}
	EndGlobalSection
EndGlobal
